
Microsoft Visual Studio Solution File, Format Version 12.00
# Visual Studio Version 17
VisualStudioVersion = 17.5.002.0
MinimumVisualStudioVersion = 10.0.40219.1
Project("{9A19103F-16F7-4668-BE54-9A1E7A4F7556}") = "efcoreApp", "efcoreApp.csproj", "{C53C2801-351D-49C2-B2D7-96A7505F9BB1}"
EndProject
Global
	GlobalSection(SolutionConfigurationPlatforms) = preSolution
		Debug|Any CPU = Debug|Any CPU
		Release|Any CPU = Release|Any CPU
	EndGlobalSection
	GlobalSection(ProjectConfigurationPlatforms) = postSolution
		{C53C2801-351D-49C2-B2D7-96A7505F9BB1}.Debug|Any CPU.ActiveCfg = Debug|Any CPU
		{C53C2801-351D-49C2-B2D7-96A7505F9BB1}.Debug|Any CPU.Build.0 = Debug|Any CPU
		{C53C2801-351D-49C2-B2D7-96A7505F9BB1}.Release|Any CPU.ActiveCfg = Release|Any CPU
		{C53C2801-351D-49C2-B2D7-96A7505F9BB1}.Release|Any CPU.Build.0 = Release|Any CPU
	EndGlobalSection
	GlobalSection(SolutionProperties) = preSolution
		HideSolutionNode = FALSE
	EndGlobalSection
	GlobalSection(ExtensibilityGlobals) = postSolution
		SolutionGuid = {8DB9137D-2B45-4EE4-B478-594105873560}
	EndGlobalSection
EndGlobal
